// !$*UTF8*$!
{
	archiveVersion = 1;
	classes = {
	};
	objectVersion = 50;
	objects = {

/* Begin PBXBuildFile section */
		588DEF9923965CD600B00AD6 /* AppDelegate.swift in Sources */ = {isa = PBXBuildFile; fileRef = 588DEF9823965CD600B00AD6 /* AppDelegate.swift */; };
		588DEF9B23965CD600B00AD6 /* SceneDelegate.swift in Sources */ = {isa = PBXBuildFile; fileRef = 588DEF9A23965CD600B00AD6 /* SceneDelegate.swift */; };
		588DEFA023965CD600B00AD6 /* Main.storyboard in Resources */ = {isa = PBXBuildFile; fileRef = 588DEF9E23965CD600B00AD6 /* Main.storyboard */; };
		588DEFA223965CD700B00AD6 /* Assets.xcassets in Resources */ = {isa = PBXBuildFile; fileRef = 588DEFA123965CD700B00AD6 /* Assets.xcassets */; };
		588DEFA523965CD700B00AD6 /* LaunchScreen.storyboard in Resources */ = {isa = PBXBuildFile; fileRef = 588DEFA323965CD700B00AD6 /* LaunchScreen.storyboard */; };
		588DEFB1239697F800B00AD6 /* MyProfileViewController.swift in Sources */ = {isa = PBXBuildFile; fileRef = 588DEFB0239697F800B00AD6 /* MyProfileViewController.swift */; };
		588DEFB523969A2F00B00AD6 /* MyProfileCell.swift in Sources */ = {isa = PBXBuildFile; fileRef = 588DEFB423969A2F00B00AD6 /* MyProfileCell.swift */; };
		588DEFB723969CAF00B00AD6 /* Models.swift in Sources */ = {isa = PBXBuildFile; fileRef = 588DEFB623969CAF00B00AD6 /* Models.swift */; };
		588DEFB92396A7E600B00AD6 /* RoundedImageView.swift in Sources */ = {isa = PBXBuildFile; fileRef = 588DEFB82396A7E600B00AD6 /* RoundedImageView.swift */; };
		588DEFBB2396A89B00B00AD6 /* FriendsViewController.swift in Sources */ = {isa = PBXBuildFile; fileRef = 588DEFBA2396A89B00B00AD6 /* FriendsViewController.swift */; };
		588DEFBD2396B31500B00AD6 /* FirendsCell.swift in Sources */ = {isa = PBXBuildFile; fileRef = 588DEFBC2396B31500B00AD6 /* FirendsCell.swift */; };
		588DEFBF2396BD6700B00AD6 /* CarsViewController.swift in Sources */ = {isa = PBXBuildFile; fileRef = 588DEFBE2396BD6700B00AD6 /* CarsViewController.swift */; };
		588DEFC12396BE5F00B00AD6 /* CarCell.swift in Sources */ = {isa = PBXBuildFile; fileRef = 588DEFC02396BE5F00B00AD6 /* CarCell.swift */; };
		588DEFC32397A7A800B00AD6 /* HomeViewController.swift in Sources */ = {isa = PBXBuildFile; fileRef = 588DEFC22397A7A800B00AD6 /* HomeViewController.swift */; };
		588DEFC62397A7FC00B00AD6 /* StoryCollectionView.swift in Sources */ = {isa = PBXBuildFile; fileRef = 588DEFC52397A7FC00B00AD6 /* StoryCollectionView.swift */; };
		588DEFC82397A80D00B00AD6 /* OnlineFirendsCollectionView.swift in Sources */ = {isa = PBXBuildFile; fileRef = 588DEFC72397A80D00B00AD6 /* OnlineFirendsCollectionView.swift */; };
		588DEFCA2397A82000B00AD6 /* DetailsTableView.swift in Sources */ = {isa = PBXBuildFile; fileRef = 588DEFC92397A82000B00AD6 /* DetailsTableView.swift */; };
		588DEFCE2397AA8700B00AD6 /* DetailsCustomCell.swift in Sources */ = {isa = PBXBuildFile; fileRef = 588DEFCC2397AA8700B00AD6 /* DetailsCustomCell.swift */; };
		588DEFCF2397AA8700B00AD6 /* DetailsCustomCell.xib in Resources */ = {isa = PBXBuildFile; fileRef = 588DEFCD2397AA8700B00AD6 /* DetailsCustomCell.xib */; };
		588DEFD12397B05800B00AD6 /* OnlineFirendsCell.swift in Sources */ = {isa = PBXBuildFile; fileRef = 588DEFD02397B05800B00AD6 /* OnlineFirendsCell.swift */; };
		588DEFD32397D9BA00B00AD6 /* StoryCell.swift in Sources */ = {isa = PBXBuildFile; fileRef = 588DEFD22397D9BA00B00AD6 /* StoryCell.swift */; };
		588DEFD62397E6D900B00AD6 /* SecondViewcontroller.swift in Sources */ = {isa = PBXBuildFile; fileRef = 588DEFD52397E6D900B00AD6 /* SecondViewcontroller.swift */; };
		588DEFD82397E7CD00B00AD6 /* FirstViewController.swift in Sources */ = {isa = PBXBuildFile; fileRef = 588DEFD72397E7CD00B00AD6 /* FirstViewController.swift */; };
		588DEFDC2397FA0900B00AD6 /* UltravisualLayout.swift in Sources */ = {isa = PBXBuildFile; fileRef = 588DEFDB2397FA0900B00AD6 /* UltravisualLayout.swift */; };
		588DEFDE2398052300B00AD6 /* StoryCellLayout.swift in Sources */ = {isa = PBXBuildFile; fileRef = 588DEFDD2398052300B00AD6 /* StoryCellLayout.swift */; };
/* End PBXBuildFile section */

/* Begin PBXFileReference section */
		588DEF9523965CD600B00AD6 /* Test2.app */ = {isa = PBXFileReference; explicitFileType = wrapper.application; includeInIndex = 0; path = Test2.app; sourceTree = BUILT_PRODUCTS_DIR; };
		588DEF9823965CD600B00AD6 /* AppDelegate.swift */ = {isa = PBXFileReference; lastKnownFileType = sourcecode.swift; path = AppDelegate.swift; sourceTree = "<group>"; };
		588DEF9A23965CD600B00AD6 /* SceneDelegate.swift */ = {isa = PBXFileReference; lastKnownFileType = sourcecode.swift; path = SceneDelegate.swift; sourceTree = "<group>"; };
		588DEF9F23965CD600B00AD6 /* Base */ = {isa = PBXFileReference; lastKnownFileType = file.storyboard; name = Base; path = Base.lproj/Main.storyboard; sourceTree = "<group>"; };
		588DEFA123965CD700B00AD6 /* Assets.xcassets */ = {isa = PBXFileReference; lastKnownFileType = folder.assetcatalog; path = Assets.xcassets; sourceTree = "<group>"; };
		588DEFA423965CD700B00AD6 /* Base */ = {isa = PBXFileReference; lastKnownFileType = file.storyboard; name = Base; path = Base.lproj/LaunchScreen.storyboard; sourceTree = "<group>"; };
		588DEFA623965CD700B00AD6 /* Info.plist */ = {isa = PBXFileReference; lastKnownFileType = text.plist.xml; path = Info.plist; sourceTree = "<group>"; };
		588DEFB0239697F800B00AD6 /* MyProfileViewController.swift */ = {isa = PBXFileReference; lastKnownFileType = sourcecode.swift; path = MyProfileViewController.swift; sourceTree = "<group>"; };
		588DEFB423969A2F00B00AD6 /* MyProfileCell.swift */ = {isa = PBXFileReference; lastKnownFileType = sourcecode.swift; path = MyProfileCell.swift; sourceTree = "<group>"; };
		588DEFB623969CAF00B00AD6 /* Models.swift */ = {isa = PBXFileReference; lastKnownFileType = sourcecode.swift; path = Models.swift; sourceTree = "<group>"; };
		588DEFB82396A7E600B00AD6 /* RoundedImageView.swift */ = {isa = PBXFileReference; lastKnownFileType = sourcecode.swift; path = RoundedImageView.swift; sourceTree = "<group>"; };
		588DEFBA2396A89B00B00AD6 /* FriendsViewController.swift */ = {isa = PBXFileReference; lastKnownFileType = sourcecode.swift; path = FriendsViewController.swift; sourceTree = "<group>"; };
		588DEFBC2396B31500B00AD6 /* FirendsCell.swift */ = {isa = PBXFileReference; lastKnownFileType = sourcecode.swift; path = FirendsCell.swift; sourceTree = "<group>"; };
		588DEFBE2396BD6700B00AD6 /* CarsViewController.swift */ = {isa = PBXFileReference; lastKnownFileType = sourcecode.swift; path = CarsViewController.swift; sourceTree = "<group>"; };
		588DEFC02396BE5F00B00AD6 /* CarCell.swift */ = {isa = PBXFileReference; lastKnownFileType = sourcecode.swift; path = CarCell.swift; sourceTree = "<group>"; };
		588DEFC22397A7A800B00AD6 /* HomeViewController.swift */ = {isa = PBXFileReference; lastKnownFileType = sourcecode.swift; path = HomeViewController.swift; sourceTree = "<group>"; };
		588DEFC52397A7FC00B00AD6 /* StoryCollectionView.swift */ = {isa = PBXFileReference; lastKnownFileType = sourcecode.swift; path = StoryCollectionView.swift; sourceTree = "<group>"; };
		588DEFC72397A80D00B00AD6 /* OnlineFirendsCollectionView.swift */ = {isa = PBXFileReference; lastKnownFileType = sourcecode.swift; path = OnlineFirendsCollectionView.swift; sourceTree = "<group>"; };
		588DEFC92397A82000B00AD6 /* DetailsTableView.swift */ = {isa = PBXFileReference; lastKnownFileType = sourcecode.swift; path = DetailsTableView.swift; sourceTree = "<group>"; };
		588DEFCC2397AA8700B00AD6 /* DetailsCustomCell.swift */ = {isa = PBXFileReference; lastKnownFileType = sourcecode.swift; path = DetailsCustomCell.swift; sourceTree = "<group>"; };
		588DEFCD2397AA8700B00AD6 /* DetailsCustomCell.xib */ = {isa = PBXFileReference; lastKnownFileType = file.xib; path = DetailsCustomCell.xib; sourceTree = "<group>"; };
		588DEFD02397B05800B00AD6 /* OnlineFirendsCell.swift */ = {isa = PBXFileReference; lastKnownFileType = sourcecode.swift; path = OnlineFirendsCell.swift; sourceTree = "<group>"; };
		588DEFD22397D9BA00B00AD6 /* StoryCell.swift */ = {isa = PBXFileReference; lastKnownFileType = sourcecode.swift; path = StoryCell.swift; sourceTree = "<group>"; };
		588DEFD52397E6D900B00AD6 /* SecondViewcontroller.swift */ = {isa = PBXFileReference; lastKnownFileType = sourcecode.swift; path = SecondViewcontroller.swift; sourceTree = "<group>"; };
		588DEFD72397E7CD00B00AD6 /* FirstViewController.swift */ = {isa = PBXFileReference; lastKnownFileType = sourcecode.swift; path = FirstViewController.swift; sourceTree = "<group>"; };
		588DEFDB2397FA0900B00AD6 /* UltravisualLayout.swift */ = {isa = PBXFileReference; fileEncoding = 4; lastKnownFileType = sourcecode.swift; path = UltravisualLayout.swift; sourceTree = "<group>"; };
		588DEFDD2398052300B00AD6 /* StoryCellLayout.swift */ = {isa = PBXFileReference; lastKnownFileType = sourcecode.swift; path = StoryCellLayout.swift; sourceTree = "<group>"; };
/* End PBXFileReference section */

/* Begin PBXFrameworksBuildPhase section */
		588DEF9223965CD600B00AD6 /* Frameworks */ = {
			isa = PBXFrameworksBuildPhase;
			buildActionMask = 2147483647;
			files = (
			);
			runOnlyForDeploymentPostprocessing = 0;
		};
/* End PBXFrameworksBuildPhase section */

/* Begin PBXGroup section */
		588DEF8C23965CD600B00AD6 = {
			isa = PBXGroup;
			children = (
				588DEF9723965CD600B00AD6 /* Test2 */,
				588DEF9623965CD600B00AD6 /* Products */,
			);
			sourceTree = "<group>";
		};
		588DEF9623965CD600B00AD6 /* Products */ = {
			isa = PBXGroup;
			children = (
				588DEF9523965CD600B00AD6 /* Test2.app */,
			);
			name = Products;
			sourceTree = "<group>";
		};
		588DEF9723965CD600B00AD6 /* Test2 */ = {
			isa = PBXGroup;
			children = (
				588DEF9823965CD600B00AD6 /* AppDelegate.swift */,
				588DEF9A23965CD600B00AD6 /* SceneDelegate.swift */,
				588DEFB22396984B00B00AD6 /* Utils */,
				588DEFAC239697A700B00AD6 /* Home */,
				588DEFAD239697B800B00AD6 /* Cars */,
				588DEFAE239697C100B00AD6 /* Friends */,
				588DEFAF239697CB00B00AD6 /* My Profile */,
				588DEF9E23965CD600B00AD6 /* Main.storyboard */,
				588DEFA123965CD700B00AD6 /* Assets.xcassets */,
				588DEFA323965CD700B00AD6 /* LaunchScreen.storyboard */,
				588DEFA623965CD700B00AD6 /* Info.plist */,
			);
			path = Test2;
			sourceTree = "<group>";
		};
		588DEFAC239697A700B00AD6 /* Home */ = {
			isa = PBXGroup;
			children = (
				588DEFC22397A7A800B00AD6 /* HomeViewController.swift */,
				588DEFC42397A7C300B00AD6 /* ChildsForHome */,
				588DEFCB2397AA5F00B00AD6 /* Cells */,
			);
			path = Home;
			sourceTree = "<group>";
		};
		588DEFAD239697B800B00AD6 /* Cars */ = {
			isa = PBXGroup;
			children = (
				588DEFBE2396BD6700B00AD6 /* CarsViewController.swift */,
				588DEFC02396BE5F00B00AD6 /* CarCell.swift */,
				588DEFD42397E6AE00B00AD6 /* collections */,
			);
			path = Cars;
			sourceTree = "<group>";
		};
		588DEFAE239697C100B00AD6 /* Friends */ = {
			isa = PBXGroup;
			children = (
				588DEFBA2396A89B00B00AD6 /* FriendsViewController.swift */,
				588DEFBC2396B31500B00AD6 /* FirendsCell.swift */,
			);
			path = Friends;
			sourceTree = "<group>";
		};
		588DEFAF239697CB00B00AD6 /* My Profile */ = {
			isa = PBXGroup;
			children = (
				588DEFB0239697F800B00AD6 /* MyProfileViewController.swift */,
				588DEFB323969A1800B00AD6 /* cells */,
			);
			path = "My Profile";
			sourceTree = "<group>";
		};
		588DEFB22396984B00B00AD6 /* Utils */ = {
			isa = PBXGroup;
			children = (
				588DEFB623969CAF00B00AD6 /* Models.swift */,
				588DEFB82396A7E600B00AD6 /* RoundedImageView.swift */,
			);
			path = Utils;
			sourceTree = "<group>";
		};
		588DEFB323969A1800B00AD6 /* cells */ = {
			isa = PBXGroup;
			children = (
				588DEFB423969A2F00B00AD6 /* MyProfileCell.swift */,
			);
			path = cells;
			sourceTree = "<group>";
		};
		588DEFC42397A7C300B00AD6 /* ChildsForHome */ = {
			isa = PBXGroup;
			children = (
				588DEFC52397A7FC00B00AD6 /* StoryCollectionView.swift */,
				588DEFC72397A80D00B00AD6 /* OnlineFirendsCollectionView.swift */,
				588DEFC92397A82000B00AD6 /* DetailsTableView.swift */,
			);
			path = ChildsForHome;
			sourceTree = "<group>";
		};
		588DEFCB2397AA5F00B00AD6 /* Cells */ = {
			isa = PBXGroup;
			children = (
				588DEFD22397D9BA00B00AD6 /* StoryCell.swift */,
				588DEFD02397B05800B00AD6 /* OnlineFirendsCell.swift */,
				588DEFCC2397AA8700B00AD6 /* DetailsCustomCell.swift */,
				588DEFCD2397AA8700B00AD6 /* DetailsCustomCell.xib */,
				588DEFDD2398052300B00AD6 /* StoryCellLayout.swift */,
			);
			path = Cells;
			sourceTree = "<group>";
		};
		588DEFD42397E6AE00B00AD6 /* collections */ = {
			isa = PBXGroup;
			children = (
				588DEFD72397E7CD00B00AD6 /* FirstViewController.swift */,
				588DEFD52397E6D900B00AD6 /* SecondViewcontroller.swift */,
				588DEFDB2397FA0900B00AD6 /* UltravisualLayout.swift */,
			);
			path = collections;
			sourceTree = "<group>";
		};
/* End PBXGroup section */

/* Begin PBXNativeTarget section */
		588DEF9423965CD600B00AD6 /* Test2 */ = {
			isa = PBXNativeTarget;
			buildConfigurationList = 588DEFA923965CD700B00AD6 /* Build configuration list for PBXNativeTarget "Test2" */;
			buildPhases = (
				588DEF9123965CD600B00AD6 /* Sources */,
				588DEF9223965CD600B00AD6 /* Frameworks */,
				588DEF9323965CD600B00AD6 /* Resources */,
			);
			buildRules = (
			);
			dependencies = (
			);
			name = Test2;
			productName = Test2;
			productReference = 588DEF9523965CD600B00AD6 /* Test2.app */;
			productType = "com.apple.product-type.application";
		};
/* End PBXNativeTarget section */

/* Begin PBXProject section */
		588DEF8D23965CD600B00AD6 /* Project object */ = {
			isa = PBXProject;
			attributes = {
				LastSwiftUpdateCheck = 1120;
				LastUpgradeCheck = 1120;
				ORGANIZATIONNAME = "Florin Precup";
				TargetAttributes = {
					588DEF9423965CD600B00AD6 = {
						CreatedOnToolsVersion = 11.2.1;
					};
				};
			};
			buildConfigurationList = 588DEF9023965CD600B00AD6 /* Build configuration list for PBXProject "Test2" */;
			compatibilityVersion = "Xcode 9.3";
			developmentRegion = en;
			hasScannedForEncodings = 0;
			knownRegions = (
				en,
				Base,
			);
			mainGroup = 588DEF8C23965CD600B00AD6;
			productRefGroup = 588DEF9623965CD600B00AD6 /* Products */;
			projectDirPath = "";
			projectRoot = "";
			targets = (
				588DEF9423965CD600B00AD6 /* Test2 */,
			);
		};
/* End PBXProject section */

/* Begin PBXResourcesBuildPhase section */
		588DEF9323965CD600B00AD6 /* Resources */ = {
			isa = PBXResourcesBuildPhase;
			buildActionMask = 2147483647;
			files = (
				588DEFA523965CD700B00AD6 /* LaunchScreen.storyboard in Resources */,
				588DEFA223965CD700B00AD6 /* Assets.xcassets in Resources */,
				588DEFA023965CD600B00AD6 /* Main.storyboard in Resources */,
				588DEFCF2397AA8700B00AD6 /* DetailsCustomCell.xib in Resources */,
			);
			runOnlyForDeploymentPostprocessing = 0;
		};
/* End PBXResourcesBuildPhase section */

/* Begin PBXSourcesBuildPhase section */
		588DEF9123965CD600B00AD6 /* Sources */ = {
			isa = PBXSourcesBuildPhase;
			buildActionMask = 2147483647;
			files = (
				588DEFC82397A80D00B00AD6 /* OnlineFirendsCollectionView.swift in Sources */,
				588DEFC62397A7FC00B00AD6 /* StoryCollectionView.swift in Sources */,
				588DEFCE2397AA8700B00AD6 /* DetailsCustomCell.swift in Sources */,
				588DEFB1239697F800B00AD6 /* MyProfileViewController.swift in Sources */,
				588DEFDC2397FA0900B00AD6 /* UltravisualLayout.swift in Sources */,
				588DEFB523969A2F00B00AD6 /* MyProfileCell.swift in Sources */,
				588DEFD12397B05800B00AD6 /* OnlineFirendsCell.swift in Sources */,
				588DEFD62397E6D900B00AD6 /* SecondViewcontroller.swift in Sources */,
				588DEFD32397D9BA00B00AD6 /* StoryCell.swift in Sources */,
				588DEFBF2396BD6700B00AD6 /* CarsViewController.swift in Sources */,
				588DEFB92396A7E600B00AD6 /* RoundedImageView.swift in Sources */,
				588DEFCA2397A82000B00AD6 /* DetailsTableView.swift in Sources */,
				588DEFD82397E7CD00B00AD6 /* FirstViewController.swift in Sources */,
				588DEF9923965CD600B00AD6 /* AppDelegate.swift in Sources */,
				588DEFBB2396A89B00B00AD6 /* FriendsViewController.swift in Sources */,
				588DEFDE2398052300B00AD6 /* StoryCellLayout.swift in Sources */,
				588DEF9B23965CD600B00AD6 /* SceneDelegate.swift in Sources */,
				588DEFC32397A7A800B00AD6 /* HomeViewController.swift in Sources */,
				588DEFB723969CAF00B00AD6 /* Models.swift in Sources */,
				588DEFC12396BE5F00B00AD6 /* CarCell.swift in Sources */,
				588DEFBD2396B31500B00AD6 /* FirendsCell.swift in Sources */,
			);
			runOnlyForDeploymentPostprocessing = 0;
		};
/* End PBXSourcesBuildPhase section */

/* Begin PBXVariantGroup section */
		588DEF9E23965CD600B00AD6 /* Main.storyboard */ = {
			isa = PBXVariantGroup;
			children = (
				588DEF9F23965CD600B00AD6 /* Base */,
			);
			name = Main.storyboard;
			sourceTree = "<group>";
		};
		588DEFA323965CD700B00AD6 /* LaunchScreen.storyboard */ = {
			isa = PBXVariantGroup;
			children = (
				588DEFA423965CD700B00AD6 /* Base */,
			);
			name = LaunchScreen.storyboard;
			sourceTree = "<group>";
		};
/* End PBXVariantGroup section */

/* Begin XCBuildConfiguration section */
		588DEFA723965CD700B00AD6 /* Debug */ = {
			isa = XCBuildConfiguration;
			buildSettings = {
				ALWAYS_SEARCH_USER_PATHS = NO;
				CLANG_ANALYZER_NONNULL = YES;
				CLANG_ANALYZER_NUMBER_OBJECT_CONVERSION = YES_AGGRESSIVE;
				CLANG_CXX_LANGUAGE_STANDARD = "gnu++14";
				CLANG_CXX_LIBRARY = "libc++";
				CLANG_ENABLE_MODULES = YES;
				CLANG_ENABLE_OBJC_ARC = YES;
				CLANG_ENABLE_OBJC_WEAK = YES;
				CLANG_WARN_BLOCK_CAPTURE_AUTORELEASING = YES;
				CLANG_WARN_BOOL_CONVERSION = YES;
				CLANG_WARN_COMMA = YES;
				CLANG_WARN_CONSTANT_CONVERSION = YES;
				CLANG_WARN_DEPRECATED_OBJC_IMPLEMENTATIONS = YES;
				CLANG_WARN_DIRECT_OBJC_ISA_USAGE = YES_ERROR;
				CLANG_WARN_DOCUMENTATION_COMMENTS = YES;
				CLANG_WARN_EMPTY_BODY = YES;
				CLANG_WARN_ENUM_CONVERSION = YES;
				CLANG_WARN_INFINITE_RECURSION = YES;
				CLANG_WARN_INT_CONVERSION = YES;
				CLANG_WARN_NON_LITERAL_NULL_CONVERSION = YES;
				CLANG_WARN_OBJC_IMPLICIT_RETAIN_SELF = YES;
				CLANG_WARN_OBJC_LITERAL_CONVERSION = YES;
				CLANG_WARN_OBJC_ROOT_CLASS = YES_ERROR;
				CLANG_WARN_RANGE_LOOP_ANALYSIS = YES;
				CLANG_WARN_STRICT_PROTOTYPES = YES;
				CLANG_WARN_SUSPICIOUS_MOVE = YES;
				CLANG_WARN_UNGUARDED_AVAILABILITY = YES_AGGRESSIVE;
				CLANG_WARN_UNREACHABLE_CODE = YES;
				CLANG_WARN__DUPLICATE_METHOD_MATCH = YES;
				COPY_PHASE_STRIP = NO;
				DEBUG_INFORMATION_FORMAT = dwarf;
				ENABLE_STRICT_OBJC_MSGSEND = YES;
				ENABLE_TESTABILITY = YES;
				GCC_C_LANGUAGE_STANDARD = gnu11;
				GCC_DYNAMIC_NO_PIC = NO;
				GCC_NO_COMMON_BLOCKS = YES;
				GCC_OPTIMIZATION_LEVEL = 0;
				GCC_PREPROCESSOR_DEFINITIONS = (
					"DEBUG=1",
					"$(inherited)",
				);
				GCC_WARN_64_TO_32_BIT_CONVERSION = YES;
				GCC_WARN_ABOUT_RETURN_TYPE = YES_ERROR;
				GCC_WARN_UNDECLARED_SELECTOR = YES;
				GCC_WARN_UNINITIALIZED_AUTOS = YES_AGGRESSIVE;
				GCC_WARN_UNUSED_FUNCTION = YES;
				GCC_WARN_UNUSED_VARIABLE = YES;
				IPHONEOS_DEPLOYMENT_TARGET = 13.2;
				MTL_ENABLE_DEBUG_INFO = INCLUDE_SOURCE;
				MTL_FAST_MATH = YES;
				ONLY_ACTIVE_ARCH = YES;
				SDKROOT = iphoneos;
				SWIFT_ACTIVE_COMPILATION_CONDITIONS = DEBUG;
				SWIFT_OPTIMIZATION_LEVEL = "-Onone";
			};
			name = Debug;
		};
		588DEFA823965CD700B00AD6 /* Release */ = {
			isa = XCBuildConfiguration;
			buildSettings = {
				ALWAYS_SEARCH_USER_PATHS = NO;
				CLANG_ANALYZER_NONNULL = YES;
				CLANG_ANALYZER_NUMBER_OBJECT_CONVERSION = YES_AGGRESSIVE;
				CLANG_CXX_LANGUAGE_STANDARD = "gnu++14";
				CLANG_CXX_LIBRARY = "libc++";
				CLANG_ENABLE_MODULES = YES;
				CLANG_ENABLE_OBJC_ARC = YES;
				CLANG_ENABLE_OBJC_WEAK = YES;
				CLANG_WARN_BLOCK_CAPTURE_AUTORELEASING = YES;
				CLANG_WARN_BOOL_CONVERSION = YES;
				CLANG_WARN_COMMA = YES;
				CLANG_WARN_CONSTANT_CONVERSION = YES;
				CLANG_WARN_DEPRECATED_OBJC_IMPLEMENTATIONS = YES;
				CLANG_WARN_DIRECT_OBJC_ISA_USAGE = YES_ERROR;
				CLANG_WARN_DOCUMENTATION_COMMENTS = YES;
				CLANG_WARN_EMPTY_BODY = YES;
				CLANG_WARN_ENUM_CONVERSION = YES;
				CLANG_WARN_INFINITE_RECURSION = YES;
				CLANG_WARN_INT_CONVERSION = YES;
				CLANG_WARN_NON_LITERAL_NULL_CONVERSION = YES;
				CLANG_WARN_OBJC_IMPLICIT_RETAIN_SELF = YES;
				CLANG_WARN_OBJC_LITERAL_CONVERSION = YES;
				CLANG_WARN_OBJC_ROOT_CLASS = YES_ERROR;
				CLANG_WARN_RANGE_LOOP_ANALYSIS = YES;
				CLANG_WARN_STRICT_PROTOTYPES = YES;
				CLANG_WARN_SUSPICIOUS_MOVE = YES;
				CLANG_WARN_UNGUARDED_AVAILABILITY = YES_AGGRESSIVE;
				CLANG_WARN_UNREACHABLE_CODE = YES;
				CLANG_WARN__DUPLICATE_METHOD_MATCH = YES;
				COPY_PHASE_STRIP = NO;
				DEBUG_INFORMATION_FORMAT = "dwarf-with-dsym";
				ENABLE_NS_ASSERTIONS = NO;
				ENABLE_STRICT_OBJC_MSGSEND = YES;
				GCC_C_LANGUAGE_STANDARD = gnu11;
				GCC_NO_COMMON_BLOCKS = YES;
				GCC_WARN_64_TO_32_BIT_CONVERSION = YES;
				GCC_WARN_ABOUT_RETURN_TYPE = YES_ERROR;
				GCC_WARN_UNDECLARED_SELECTOR = YES;
				GCC_WARN_UNINITIALIZED_AUTOS = YES_AGGRESSIVE;
				GCC_WARN_UNUSED_FUNCTION = YES;
				GCC_WARN_UNUSED_VARIABLE = YES;
				IPHONEOS_DEPLOYMENT_TARGET = 13.2;
				MTL_ENABLE_DEBUG_INFO = NO;
				MTL_FAST_MATH = YES;
				SDKROOT = iphoneos;
				SWIFT_COMPILATION_MODE = wholemodule;
				SWIFT_OPTIMIZATION_LEVEL = "-O";
				VALIDATE_PRODUCT = YES;
			};
			name = Release;
		};
		588DEFAA23965CD700B00AD6 /* Debug */ = {
			isa = XCBuildConfiguration;
			buildSettings = {
				ASSETCATALOG_COMPILER_APPICON_NAME = AppIcon;
				CODE_SIGN_STYLE = Automatic;
				DEVELOPMENT_TEAM = Q8PSJRZUXB;
				INFOPLIST_FILE = Test2/Info.plist;
				LD_RUNPATH_SEARCH_PATHS = (
					"$(inherited)",
					"@executable_path/Frameworks",
				);
				PRODUCT_BUNDLE_IDENTIFIER = com.test.Test2;
				PRODUCT_NAME = "$(TARGET_NAME)";
				SWIFT_VERSION = 5.0;
				TARGETED_DEVICE_FAMILY = "1,2";
			};
			name = Debug;
		};
		588DEFAB23965CD700B00AD6 /* Release */ = {
			isa = XCBuildConfiguration;
			buildSettings = {
				ASSETCATALOG_COMPILER_APPICON_NAME = AppIcon;
				CODE_SIGN_STYLE = Automatic;
				DEVELOPMENT_TEAM = Q8PSJRZUXB;
				INFOPLIST_FILE = Test2/Info.plist;
				LD_RUNPATH_SEARCH_PATHS = (
					"$(inherited)",
					"@executable_path/Frameworks",
				);
				PRODUCT_BUNDLE_IDENTIFIER = com.test.Test2;
				PRODUCT_NAME = "$(TARGET_NAME)";
				SWIFT_VERSION = 5.0;
				TARGETED_DEVICE_FAMILY = "1,2";
			};
			name = Release;
		};
/* End XCBuildConfiguration section */

/* Begin XCConfigurationList section */
		588DEF9023965CD600B00AD6 /* Build configuration list for PBXProject "Test2" */ = {
			isa = XCConfigurationList;
			buildConfigurations = (
				588DEFA723965CD700B00AD6 /* Debug */,
				588DEFA823965CD700B00AD6 /* Release */,
			);
			defaultConfigurationIsVisible = 0;
			defaultConfigurationName = Release;
		};
		588DEFA923965CD700B00AD6 /* Build configuration list for PBXNativeTarget "Test2" */ = {
			isa = XCConfigurationList;
			buildConfigurations = (
				588DEFAA23965CD700B00AD6 /* Debug */,
				588DEFAB23965CD700B00AD6 /* Release */,
			);
			defaultConfigurationIsVisible = 0;
			defaultConfigurationName = Release;
		};
/* End XCConfigurationList section */
	};
	rootObject = 588DEF8D23965CD600B00AD6 /* Project object */;
}
